
Microsoft Visual Studio Solution File, Format Version 12.00
# Visual Studio Version 17
VisualStudioVersion = 17.1.32210.238
MinimumVisualStudioVersion = 10.0.40219.1
Project("{FAE04EC0-301F-11D3-BF4B-00C04F79EFBC}") = "březen projekt", "březen projekt\březen projekt.csproj", "{DAF343BE-15CC-4838-B39B-A6D707897251}"
EndProject
Global
	GlobalSection(SolutionConfigurationPlatforms) = preSolution
		Debug|Any CPU = Debug|Any CPU
		Release|Any CPU = Release|Any CPU
	EndGlobalSection
	GlobalSection(ProjectConfigurationPlatforms) = postSolution
		{DAF343BE-15CC-4838-B39B-A6D707897251}.Debug|Any CPU.ActiveCfg = Debug|Any CPU
		{DAF343BE-15CC-4838-B39B-A6D707897251}.Debug|Any CPU.Build.0 = Debug|Any CPU
		{DAF343BE-15CC-4838-B39B-A6D707897251}.Release|Any CPU.ActiveCfg = Release|Any CPU
		{DAF343BE-15CC-4838-B39B-A6D707897251}.Release|Any CPU.Build.0 = Release|Any CPU
	EndGlobalSection
	GlobalSection(SolutionProperties) = preSolution
		HideSolutionNode = FALSE
	EndGlobalSection
	GlobalSection(ExtensibilityGlobals) = postSolution
		SolutionGuid = {051B51DB-F17F-4C8E-841A-F1AF0B3BFDAC}
	EndGlobalSection
EndGlobal
